
Microsoft Visual Studio Solution File, Format Version 11.00
# Visual Studio 2010
Project("{D2ABAB84-BF74-430A-B69E-9DC6D40DDA17}") = "TEST", "TEST\TEST.dwproj", "{18F24FDD-20B5-44AB-A7CC-07EC82B94952}"
EndProject
Global
	GlobalSection(SolutionConfigurationPlatforms) = preSolution
		Development|Default = Development|Default
	EndGlobalSection
	GlobalSection(ProjectConfigurationPlatforms) = postSolution
		{18F24FDD-20B5-44AB-A7CC-07EC82B94952}.Development|Default.ActiveCfg = Development
		{18F24FDD-20B5-44AB-A7CC-07EC82B94952}.Development|Default.Build.0 = Development
		{18F24FDD-20B5-44AB-A7CC-07EC82B94952}.Development|Default.Deploy.0 = Development
	EndGlobalSection
	GlobalSection(SolutionProperties) = preSolution
		HideSolutionNode = FALSE
	EndGlobalSection
EndGlobal
