
Microsoft Visual Studio Solution File, Format Version 11.00
# Visual Studio 2010
Project("{159641D6-6404-4A2A-AE62-294DE0FE8301}") = "Aphelion.Paga.Balancing", "Aphelion.Paga.Balancing\Aphelion.Paga.Balancing.dtproj", "{A8F9161E-7E43-4651-9AA2-B00BD20EBE67}"
EndProject
Global
	GlobalSection(SolutionConfigurationPlatforms) = preSolution
		Development|Default = Development|Default
	EndGlobalSection
	GlobalSection(ProjectConfigurationPlatforms) = postSolution
		{A8F9161E-7E43-4651-9AA2-B00BD20EBE67}.Development|Default.ActiveCfg = Development
		{A8F9161E-7E43-4651-9AA2-B00BD20EBE67}.Development|Default.Build.0 = Development
	EndGlobalSection
	GlobalSection(SolutionProperties) = preSolution
		HideSolutionNode = FALSE
	EndGlobalSection
EndGlobal
