
Microsoft Visual Studio Solution File, Format Version 12.00
# Visual Studio 2013
VisualStudioVersion = 12.0.30723.0
MinimumVisualStudioVersion = 10.0.40219.1
Project("{581633EB-B896-402F-8E60-36F3DA191C85}") = "Aphelion.ReconProcessing", "Aphelion.ReconProcessing\Aphelion.ReconProcessing.lsxtproj", "{A762D588-DCE0-4D14-A300-EADBFFA81C77}"
EndProject
Project("{FAE04EC0-301F-11D3-BF4B-00C04F79EFBC}") = "Aphelion.ReconProcessing.Server", "Aphelion.ReconProcessing\Aphelion.ReconProcessing.Server\Aphelion.ReconProcessing.Server.csproj", "{23CA5B9F-5A35-4B90-AB02-E9804346F22D}"
EndProject
Project("{262852C6-CD72-467D-83FE-5EEB1973A190}") = "Aphelion.ReconProcessing.HTMLClient", "Aphelion.ReconProcessing\Aphelion.ReconProcessing.HTMLClient\Aphelion.ReconProcessing.HTMLClient.jsproj", "{5E3B747F-1617-4BF4-9CC9-AFA9F4D22B5C}"
EndProject
Project("{FAE04EC0-301F-11D3-BF4B-00C04F79EFBC}") = "Aphelion.FileImport", "..\..\.Net  Libraries\Recon\Aphelion.FileImport\Aphelion.FileImport\Aphelion.FileImport.csproj", "{FFF9E045-4151-4255-910F-CAFC9E7D3005}"
EndProject
Project("{FAE04EC0-301F-11D3-BF4B-00C04F79EFBC}") = "Aphelion.Recon.RulesEngine", "..\..\.Net  Libraries\Recon\Aphelion.Recon.RulesEngine\Aphelion.Recon.RulesEngine.csproj", "{AEF64609-951C-4AFA-8FEA-4EA7D9D29912}"
EndProject
Project("{FAE04EC0-301F-11D3-BF4B-00C04F79EFBC}") = "Aphelion.SQLReconLoad", "..\..\.Net  Libraries\Recon\Aphelion.SQLReconLoad\Aphelion.SQLReconLoad.csproj", "{174034A9-9019-41B7-AC82-FD2E33DDBA36}"
EndProject
Project("{FAE04EC0-301F-11D3-BF4B-00C04F79EFBC}") = "Aphelion.FileImport.WindowsTester", "..\..\.Net  Libraries\Recon\Aphelion.FileImport\Aphelion.FileImport.WindowsTester\Aphelion.FileImport.WindowsTester.csproj", "{F6A1D694-DD78-496D-9DC7-E3B9B01A54D4}"
EndProject
Global
	GlobalSection(SolutionConfigurationPlatforms) = preSolution
		Debug|Any CPU = Debug|Any CPU
		Release|Any CPU = Release|Any CPU
	EndGlobalSection
	GlobalSection(ProjectConfigurationPlatforms) = postSolution
		{A762D588-DCE0-4D14-A300-EADBFFA81C77}.Debug|Any CPU.ActiveCfg = Debug|Any CPU
		{A762D588-DCE0-4D14-A300-EADBFFA81C77}.Debug|Any CPU.Build.0 = Debug|Any CPU
		{A762D588-DCE0-4D14-A300-EADBFFA81C77}.Release|Any CPU.ActiveCfg = Release|Any CPU
		{A762D588-DCE0-4D14-A300-EADBFFA81C77}.Release|Any CPU.Build.0 = Release|Any CPU
		{23CA5B9F-5A35-4B90-AB02-E9804346F22D}.Debug|Any CPU.ActiveCfg = Debug|Any CPU
		{23CA5B9F-5A35-4B90-AB02-E9804346F22D}.Debug|Any CPU.Build.0 = Debug|Any CPU
		{23CA5B9F-5A35-4B90-AB02-E9804346F22D}.Release|Any CPU.ActiveCfg = Release|Any CPU
		{23CA5B9F-5A35-4B90-AB02-E9804346F22D}.Release|Any CPU.Build.0 = Release|Any CPU
		{5E3B747F-1617-4BF4-9CC9-AFA9F4D22B5C}.Debug|Any CPU.ActiveCfg = Debug|Any CPU
		{5E3B747F-1617-4BF4-9CC9-AFA9F4D22B5C}.Debug|Any CPU.Build.0 = Debug|Any CPU
		{5E3B747F-1617-4BF4-9CC9-AFA9F4D22B5C}.Release|Any CPU.ActiveCfg = Release|Any CPU
		{5E3B747F-1617-4BF4-9CC9-AFA9F4D22B5C}.Release|Any CPU.Build.0 = Release|Any CPU
		{FFF9E045-4151-4255-910F-CAFC9E7D3005}.Debug|Any CPU.ActiveCfg = Debug|Any CPU
		{FFF9E045-4151-4255-910F-CAFC9E7D3005}.Debug|Any CPU.Build.0 = Debug|Any CPU
		{FFF9E045-4151-4255-910F-CAFC9E7D3005}.Release|Any CPU.ActiveCfg = Release|Any CPU
		{FFF9E045-4151-4255-910F-CAFC9E7D3005}.Release|Any CPU.Build.0 = Release|Any CPU
		{AEF64609-951C-4AFA-8FEA-4EA7D9D29912}.Debug|Any CPU.ActiveCfg = Debug|Any CPU
		{AEF64609-951C-4AFA-8FEA-4EA7D9D29912}.Debug|Any CPU.Build.0 = Debug|Any CPU
		{AEF64609-951C-4AFA-8FEA-4EA7D9D29912}.Release|Any CPU.ActiveCfg = Release|Any CPU
		{AEF64609-951C-4AFA-8FEA-4EA7D9D29912}.Release|Any CPU.Build.0 = Release|Any CPU
		{174034A9-9019-41B7-AC82-FD2E33DDBA36}.Debug|Any CPU.ActiveCfg = Debug|Any CPU
		{174034A9-9019-41B7-AC82-FD2E33DDBA36}.Debug|Any CPU.Build.0 = Debug|Any CPU
		{174034A9-9019-41B7-AC82-FD2E33DDBA36}.Release|Any CPU.ActiveCfg = Release|Any CPU
		{174034A9-9019-41B7-AC82-FD2E33DDBA36}.Release|Any CPU.Build.0 = Release|Any CPU
		{F6A1D694-DD78-496D-9DC7-E3B9B01A54D4}.Debug|Any CPU.ActiveCfg = Debug|Any CPU
		{F6A1D694-DD78-496D-9DC7-E3B9B01A54D4}.Debug|Any CPU.Build.0 = Debug|Any CPU
		{F6A1D694-DD78-496D-9DC7-E3B9B01A54D4}.Release|Any CPU.ActiveCfg = Release|Any CPU
		{F6A1D694-DD78-496D-9DC7-E3B9B01A54D4}.Release|Any CPU.Build.0 = Release|Any CPU
	EndGlobalSection
	GlobalSection(SolutionProperties) = preSolution
		HideSolutionNode = FALSE
	EndGlobalSection
EndGlobal
