
Microsoft Visual Studio Solution File, Format Version 12.00
# Visual Studio 2013
VisualStudioVersion = 12.0.30723.0
MinimumVisualStudioVersion = 10.0.40219.1
Project("{159641D6-6404-4A2A-AE62-294DE0FE8301}") = "Aphelion.Paga.ImportNIBSS", "Aphelion.Paga.ImportNIBSS\Aphelion.Paga.ImportNIBSS.dtproj", "{9BC5F4D3-88CD-4B55-8D27-7114651A2C03}"
EndProject
Global
	GlobalSection(SolutionConfigurationPlatforms) = preSolution
		Development|Default = Development|Default
	EndGlobalSection
	GlobalSection(ProjectConfigurationPlatforms) = postSolution
		{9BC5F4D3-88CD-4B55-8D27-7114651A2C03}.Development|Default.ActiveCfg = Development
		{9BC5F4D3-88CD-4B55-8D27-7114651A2C03}.Development|Default.Build.0 = Development
	EndGlobalSection
	GlobalSection(SolutionProperties) = preSolution
		HideSolutionNode = FALSE
	EndGlobalSection
EndGlobal
