
Microsoft Visual Studio Solution File, Format Version 12.00
# Visual Studio 2013
VisualStudioVersion = 12.0.30723.0
MinimumVisualStudioVersion = 10.0.40219.1
Project("{159641D6-6404-4A2A-AE62-294DE0FE8301}") = "Aphelion.Paga.StagingLoad", "Aphelion.Paga.StagingLoad\Aphelion.Paga.StagingLoad.dtproj", "{18E5FE4F-75EB-46AC-AA17-DECDB3E6C3BD}"
EndProject
Global
	GlobalSection(SolutionConfigurationPlatforms) = preSolution
		Development|Default = Development|Default
	EndGlobalSection
	GlobalSection(ProjectConfigurationPlatforms) = postSolution
		{18E5FE4F-75EB-46AC-AA17-DECDB3E6C3BD}.Development|Default.ActiveCfg = Development
		{18E5FE4F-75EB-46AC-AA17-DECDB3E6C3BD}.Development|Default.Build.0 = Development
	EndGlobalSection
	GlobalSection(SolutionProperties) = preSolution
		HideSolutionNode = FALSE
	EndGlobalSection
EndGlobal
