
Microsoft Visual Studio Solution File, Format Version 12.00
# Visual Studio 2013
VisualStudioVersion = 12.0.30723.0
MinimumVisualStudioVersion = 10.0.40219.1
Project("{00D1A9C2-B5F0-4AF3-8072-F6C62B433612}") = "Paga_Staging", "Paga_Staging\Paga_Staging.sqlproj", "{35E5EB7B-C594-4752-9270-C7261AEE4773}"
EndProject
Project("{00D1A9C2-B5F0-4AF3-8072-F6C62B433612}") = "Paga_EDW", "Paga_EDW\Paga_EDW.sqlproj", "{A2976168-11CD-4BA3-952D-7FBD09EC66E3}"
EndProject
Project("{00D1A9C2-B5F0-4AF3-8072-F6C62B433612}") = "Paga_Errors", "Paga_Errors\Paga_Errors.sqlproj", "{91957B8B-7708-4ABE-A921-09D9912904F2}"
EndProject
Global
	GlobalSection(SolutionConfigurationPlatforms) = preSolution
		Debug|Any CPU = Debug|Any CPU
		Release|Any CPU = Release|Any CPU
	EndGlobalSection
	GlobalSection(ProjectConfigurationPlatforms) = postSolution
		{35E5EB7B-C594-4752-9270-C7261AEE4773}.Debug|Any CPU.ActiveCfg = Debug|Any CPU
		{35E5EB7B-C594-4752-9270-C7261AEE4773}.Debug|Any CPU.Build.0 = Debug|Any CPU
		{35E5EB7B-C594-4752-9270-C7261AEE4773}.Debug|Any CPU.Deploy.0 = Debug|Any CPU
		{35E5EB7B-C594-4752-9270-C7261AEE4773}.Release|Any CPU.ActiveCfg = Release|Any CPU
		{35E5EB7B-C594-4752-9270-C7261AEE4773}.Release|Any CPU.Build.0 = Release|Any CPU
		{35E5EB7B-C594-4752-9270-C7261AEE4773}.Release|Any CPU.Deploy.0 = Release|Any CPU
		{A2976168-11CD-4BA3-952D-7FBD09EC66E3}.Debug|Any CPU.ActiveCfg = Debug|Any CPU
		{A2976168-11CD-4BA3-952D-7FBD09EC66E3}.Debug|Any CPU.Build.0 = Debug|Any CPU
		{A2976168-11CD-4BA3-952D-7FBD09EC66E3}.Debug|Any CPU.Deploy.0 = Debug|Any CPU
		{A2976168-11CD-4BA3-952D-7FBD09EC66E3}.Release|Any CPU.ActiveCfg = Release|Any CPU
		{A2976168-11CD-4BA3-952D-7FBD09EC66E3}.Release|Any CPU.Build.0 = Release|Any CPU
		{A2976168-11CD-4BA3-952D-7FBD09EC66E3}.Release|Any CPU.Deploy.0 = Release|Any CPU
		{91957B8B-7708-4ABE-A921-09D9912904F2}.Debug|Any CPU.ActiveCfg = Debug|Any CPU
		{91957B8B-7708-4ABE-A921-09D9912904F2}.Debug|Any CPU.Build.0 = Debug|Any CPU
		{91957B8B-7708-4ABE-A921-09D9912904F2}.Debug|Any CPU.Deploy.0 = Debug|Any CPU
		{91957B8B-7708-4ABE-A921-09D9912904F2}.Release|Any CPU.ActiveCfg = Release|Any CPU
		{91957B8B-7708-4ABE-A921-09D9912904F2}.Release|Any CPU.Build.0 = Release|Any CPU
		{91957B8B-7708-4ABE-A921-09D9912904F2}.Release|Any CPU.Deploy.0 = Release|Any CPU
	EndGlobalSection
	GlobalSection(SolutionProperties) = preSolution
		HideSolutionNode = FALSE
	EndGlobalSection
EndGlobal
