
Microsoft Visual Studio Solution File, Format Version 12.00
# Visual Studio 2013
VisualStudioVersion = 12.0.30723.0
MinimumVisualStudioVersion = 10.0.40219.1
Project("{00D1A9C2-B5F0-4AF3-8072-F6C62B433612}") = "Paga_Staging", "Paga_EDWStaging\Paga_Staging.sqlproj", "{EF02B78D-2B3C-4A32-B4C9-B55FF079FA6A}"
EndProject
Project("{00D1A9C2-B5F0-4AF3-8072-F6C62B433612}") = "Paga_Errors", "Paga_Errors\Paga_Errors.sqlproj", "{2CA871BA-67B9-448B-B914-194E8D61F809}"
EndProject
Project("{00D1A9C2-B5F0-4AF3-8072-F6C62B433612}") = "Paga", "Paga\Paga.sqlproj", "{38C93302-EB38-4727-9808-242858780F07}"
EndProject
Global
	GlobalSection(SolutionConfigurationPlatforms) = preSolution
		Debug|Any CPU = Debug|Any CPU
		Release|Any CPU = Release|Any CPU
	EndGlobalSection
	GlobalSection(ProjectConfigurationPlatforms) = postSolution
		{EF02B78D-2B3C-4A32-B4C9-B55FF079FA6A}.Debug|Any CPU.ActiveCfg = Debug|Any CPU
		{EF02B78D-2B3C-4A32-B4C9-B55FF079FA6A}.Debug|Any CPU.Build.0 = Debug|Any CPU
		{EF02B78D-2B3C-4A32-B4C9-B55FF079FA6A}.Debug|Any CPU.Deploy.0 = Debug|Any CPU
		{EF02B78D-2B3C-4A32-B4C9-B55FF079FA6A}.Release|Any CPU.ActiveCfg = Release|Any CPU
		{EF02B78D-2B3C-4A32-B4C9-B55FF079FA6A}.Release|Any CPU.Build.0 = Release|Any CPU
		{EF02B78D-2B3C-4A32-B4C9-B55FF079FA6A}.Release|Any CPU.Deploy.0 = Release|Any CPU
		{2CA871BA-67B9-448B-B914-194E8D61F809}.Debug|Any CPU.ActiveCfg = Debug|Any CPU
		{2CA871BA-67B9-448B-B914-194E8D61F809}.Debug|Any CPU.Build.0 = Debug|Any CPU
		{2CA871BA-67B9-448B-B914-194E8D61F809}.Debug|Any CPU.Deploy.0 = Debug|Any CPU
		{2CA871BA-67B9-448B-B914-194E8D61F809}.Release|Any CPU.ActiveCfg = Release|Any CPU
		{2CA871BA-67B9-448B-B914-194E8D61F809}.Release|Any CPU.Build.0 = Release|Any CPU
		{2CA871BA-67B9-448B-B914-194E8D61F809}.Release|Any CPU.Deploy.0 = Release|Any CPU
		{38C93302-EB38-4727-9808-242858780F07}.Debug|Any CPU.ActiveCfg = Debug|Any CPU
		{38C93302-EB38-4727-9808-242858780F07}.Debug|Any CPU.Build.0 = Debug|Any CPU
		{38C93302-EB38-4727-9808-242858780F07}.Debug|Any CPU.Deploy.0 = Debug|Any CPU
		{38C93302-EB38-4727-9808-242858780F07}.Release|Any CPU.ActiveCfg = Release|Any CPU
		{38C93302-EB38-4727-9808-242858780F07}.Release|Any CPU.Build.0 = Release|Any CPU
		{38C93302-EB38-4727-9808-242858780F07}.Release|Any CPU.Deploy.0 = Release|Any CPU
	EndGlobalSection
	GlobalSection(SolutionProperties) = preSolution
		HideSolutionNode = FALSE
	EndGlobalSection
EndGlobal
