
Microsoft Visual Studio Solution File, Format Version 12.00
# Visual Studio 2013
VisualStudioVersion = 12.0.30501.0
MinimumVisualStudioVersion = 10.0.40219.1
Project("{FAE04EC0-301F-11D3-BF4B-00C04F79EFBC}") = "Aphelion.FileImport", "Aphelion.FileImport\Aphelion.FileImport\Aphelion.FileImport.csproj", "{FFF9E045-4151-4255-910F-CAFC9E7D3005}"
EndProject
Project("{FAE04EC0-301F-11D3-BF4B-00C04F79EFBC}") = "Aphelion.FileImport.WindowsTester", "Aphelion.FileImport\Aphelion.FileImport.WindowsTester\Aphelion.FileImport.WindowsTester.csproj", "{F6A1D694-DD78-496D-9DC7-E3B9B01A54D4}"
EndProject
Project("{FAE04EC0-301F-11D3-BF4B-00C04F79EFBC}") = "Aphelion.Recon.RulesEngine", "Aphelion.Recon.RulesEngine\Aphelion.Recon.RulesEngine.csproj", "{AEF64609-951C-4AFA-8FEA-4EA7D9D29912}"
EndProject
Global
	GlobalSection(SolutionConfigurationPlatforms) = preSolution
		Debug|Any CPU = Debug|Any CPU
		Release|Any CPU = Release|Any CPU
	EndGlobalSection
	GlobalSection(ProjectConfigurationPlatforms) = postSolution
		{FFF9E045-4151-4255-910F-CAFC9E7D3005}.Debug|Any CPU.ActiveCfg = Debug|Any CPU
		{FFF9E045-4151-4255-910F-CAFC9E7D3005}.Debug|Any CPU.Build.0 = Debug|Any CPU
		{FFF9E045-4151-4255-910F-CAFC9E7D3005}.Release|Any CPU.ActiveCfg = Release|Any CPU
		{FFF9E045-4151-4255-910F-CAFC9E7D3005}.Release|Any CPU.Build.0 = Release|Any CPU
		{F6A1D694-DD78-496D-9DC7-E3B9B01A54D4}.Debug|Any CPU.ActiveCfg = Debug|Any CPU
		{F6A1D694-DD78-496D-9DC7-E3B9B01A54D4}.Debug|Any CPU.Build.0 = Debug|Any CPU
		{F6A1D694-DD78-496D-9DC7-E3B9B01A54D4}.Release|Any CPU.ActiveCfg = Release|Any CPU
		{F6A1D694-DD78-496D-9DC7-E3B9B01A54D4}.Release|Any CPU.Build.0 = Release|Any CPU
		{AEF64609-951C-4AFA-8FEA-4EA7D9D29912}.Debug|Any CPU.ActiveCfg = Debug|Any CPU
		{AEF64609-951C-4AFA-8FEA-4EA7D9D29912}.Debug|Any CPU.Build.0 = Debug|Any CPU
		{AEF64609-951C-4AFA-8FEA-4EA7D9D29912}.Release|Any CPU.ActiveCfg = Release|Any CPU
		{AEF64609-951C-4AFA-8FEA-4EA7D9D29912}.Release|Any CPU.Build.0 = Release|Any CPU
	EndGlobalSection
	GlobalSection(SolutionProperties) = preSolution
		HideSolutionNode = FALSE
	EndGlobalSection
EndGlobal
